
Microsoft Visual Studio Solution File, Format Version 10.00
# Visual C# Express 2008
Project("{FAE04EC0-301F-11D3-BF4B-00C04F79EFBC}") = "howto_wpf_graph", "howto_wpf_graph.csproj", "{2973CBFC-8394-44E3-AB83-B7FD6C5F16AA}"
EndProject
Global
	GlobalSection(SolutionConfigurationPlatforms) = preSolution
		Debug|Any CPU = Debug|Any CPU
		Release|Any CPU = Release|Any CPU
	EndGlobalSection
	GlobalSection(ProjectConfigurationPlatforms) = postSolution
		{2973CBFC-8394-44E3-AB83-B7FD6C5F16AA}.Debug|Any CPU.ActiveCfg = Debug|Any CPU
		{2973CBFC-8394-44E3-AB83-B7FD6C5F16AA}.Debug|Any CPU.Build.0 = Debug|Any CPU
		{2973CBFC-8394-44E3-AB83-B7FD6C5F16AA}.Release|Any CPU.ActiveCfg = Release|Any CPU
		{2973CBFC-8394-44E3-AB83-B7FD6C5F16AA}.Release|Any CPU.Build.0 = Release|Any CPU
	EndGlobalSection
	GlobalSection(SolutionProperties) = preSolution
		HideSolutionNode = FALSE
	EndGlobalSection
EndGlobal
